PODS:
  - LUExpandableTableView (4.1.0)

DEPENDENCIES:
  - LUExpandableTableView (from `../`)

EXTERNAL SOURCES:
  LUExpandableTableView:
    :path: "../"

SPEC CHECKSUMS:
  LUExpandableTableView: 018fbd452e6bd5ce16c013e004ef37599e90c92d

PODFILE CHECKSUM: 9b600d15802257013f5d06cf9b9a40f1f786ac74

COCOAPODS: 1.7.0.beta.2
