PODS:
  - LUExpandableTableView (1.0.0)

DEPENDENCIES:
  - LUExpandableTableView (from `../`)

EXTERNAL SOURCES:
  LUExpandableTableView:
    :path: ../

SPEC CHECKSUMS:
  LUExpandableTableView: f55b51158bc610cd36088d23c9c309dde9280d3b

PODFILE CHECKSUM: 7b9b873a4def1054d78977e70e9c85f023d92970

COCOAPODS: 1.2.0.beta.1
