PODS:
  - LUExpandableTableView (3.0.0)

DEPENDENCIES:
  - LUExpandableTableView (from `../`)

EXTERNAL SOURCES:
  LUExpandableTableView:
    :path: ../

SPEC CHECKSUMS:
  LUExpandableTableView: 380bdd03ba54851d3790317c1278f178b2fef2d8

PODFILE CHECKSUM: e218956173ae241d5e15a40a5790a2eccaa0ea99

COCOAPODS: 1.4.0.beta.1
